// !$*UTF8*$!
{
	archiveVersion = 1;
	classes = {
	};
	objectVersion = 56;
	objects = {

/* Begin PBXBuildFile section */
		758D8AFE2AFFB0F5007F6883 /* TheRickAndMortyCharactersApp.swift in Sources */ = {isa = PBXBuildFile; fileRef = 758D8AFD2AFFB0F5007F6883 /* TheRickAndMortyCharactersApp.swift */; };
		758D8B002AFFB0F5007F6883 /* ContentView.swift in Sources */ = {isa = PBXBuildFile; fileRef = 758D8AFF2AFFB0F5007F6883 /* ContentView.swift */; };
		758D8B022AFFB0F8007F6883 /* Assets.xcassets in Resources */ = {isa = PBXBuildFile; fileRef = 758D8B012AFFB0F8007F6883 /* Assets.xcassets */; };
		758D8B062AFFB0F8007F6883 /* Preview Assets.xcassets in Resources */ = {isa = PBXBuildFile; fileRef = 758D8B052AFFB0F8007F6883 /* Preview Assets.xcassets */; };
		758D8B102AFFB0F9007F6883 /* TheRickAndMortyCharactersTests.swift in Sources */ = {isa = PBXBuildFile; fileRef = 758D8B0F2AFFB0F9007F6883 /* TheRickAndMortyCharactersTests.swift */; };
		758D8B1A2AFFB0F9007F6883 /* TheRickAndMortyCharactersUITests.swift in Sources */ = {isa = PBXBuildFile; fileRef = 758D8B192AFFB0F9007F6883 /* TheRickAndMortyCharactersUITests.swift */; };
		758D8B1C2AFFB0F9007F6883 /* TheRickAndMortyCharactersUITestsLaunchTests.swift in Sources */ = {isa = PBXBuildFile; fileRef = 758D8B1B2AFFB0F9007F6883 /* TheRickAndMortyCharactersUITestsLaunchTests.swift */; };
		758D8B312AFFBBEE007F6883 /* GraphQL in Resources */ = {isa = PBXBuildFile; fileRef = 758D8B302AFFBBEE007F6883 /* GraphQL */; };
		758D8B332AFFBC25007F6883 /* Network.swift in Sources */ = {isa = PBXBuildFile; fileRef = 758D8B322AFFBC25007F6883 /* Network.swift */; };
		758D8B362AFFBC3C007F6883 /* Apollo in Frameworks */ = {isa = PBXBuildFile; productRef = 758D8B352AFFBC3C007F6883 /* Apollo */; };
		758D8B382AFFBDCD007F6883 /* CharactersListView.swift in Sources */ = {isa = PBXBuildFile; fileRef = 758D8B372AFFBDCD007F6883 /* CharactersListView.swift */; };
		758D8B3A2AFFBDFB007F6883 /* CharacterListItemView.swift in Sources */ = {isa = PBXBuildFile; fileRef = 758D8B392AFFBDFB007F6883 /* CharacterListItemView.swift */; };
/* End PBXBuildFile section */

/* Begin PBXContainerItemProxy section */
		758D8B0C2AFFB0F9007F6883 /* PBXContainerItemProxy */ = {
			isa = PBXContainerItemProxy;
			containerPortal = 758D8AF22AFFB0F5007F6883 /* Project object */;
			proxyType = 1;
			remoteGlobalIDString = 758D8AF92AFFB0F5007F6883;
			remoteInfo = TheRickAndMortyCharacters;
		};
		758D8B162AFFB0F9007F6883 /* PBXContainerItemProxy */ = {
			isa = PBXContainerItemProxy;
			containerPortal = 758D8AF22AFFB0F5007F6883 /* Project object */;
			proxyType = 1;
			remoteGlobalIDString = 758D8AF92AFFB0F5007F6883;
			remoteInfo = TheRickAndMortyCharacters;
		};
/* End PBXContainerItemProxy section */

/* Begin PBXFileReference section */
		758D8AFA2AFFB0F5007F6883 /* TheRickAndMortyCharacters.app */ = {isa = PBXFileReference; explicitFileType = wrapper.application; includeInIndex = 0; path = TheRickAndMortyCharacters.app; sourceTree = BUILT_PRODUCTS_DIR; };
		758D8AFD2AFFB0F5007F6883 /* TheRickAndMortyCharactersApp.swift */ = {isa = PBXFileReference; lastKnownFileType = sourcecode.swift; path = TheRickAndMortyCharactersApp.swift; sourceTree = "<group>"; };
		758D8AFF2AFFB0F5007F6883 /* ContentView.swift */ = {isa = PBXFileReference; lastKnownFileType = sourcecode.swift; path = ContentView.swift; sourceTree = "<group>"; };
		758D8B012AFFB0F8007F6883 /* Assets.xcassets */ = {isa = PBXFileReference; lastKnownFileType = folder.assetcatalog; path = Assets.xcassets; sourceTree = "<group>"; };
		758D8B032AFFB0F8007F6883 /* TheRickAndMortyCharacters.entitlements */ = {isa = PBXFileReference; lastKnownFileType = text.plist.entitlements; path = TheRickAndMortyCharacters.entitlements; sourceTree = "<group>"; };
		758D8B052AFFB0F8007F6883 /* Preview Assets.xcassets */ = {isa = PBXFileReference; lastKnownFileType = folder.assetcatalog; path = "Preview Assets.xcassets"; sourceTree = "<group>"; };
		758D8B0B2AFFB0F9007F6883 /* TheRickAndMortyCharactersTests.xctest */ = {isa = PBXFileReference; explicitFileType = wrapper.cfbundle; includeInIndex = 0; path = TheRickAndMortyCharactersTests.xctest; sourceTree = BUILT_PRODUCTS_DIR; };
		758D8B0F2AFFB0F9007F6883 /* TheRickAndMortyCharactersTests.swift */ = {isa = PBXFileReference; lastKnownFileType = sourcecode.swift; path = TheRickAndMortyCharactersTests.swift; sourceTree = "<group>"; };
		758D8B152AFFB0F9007F6883 /* TheRickAndMortyCharactersUITests.xctest */ = {isa = PBXFileReference; explicitFileType = wrapper.cfbundle; includeInIndex = 0; path = TheRickAndMortyCharactersUITests.xctest; sourceTree = BUILT_PRODUCTS_DIR; };
		758D8B192AFFB0F9007F6883 /* TheRickAndMortyCharactersUITests.swift */ = {isa = PBXFileReference; lastKnownFileType = sourcecode.swift; path = TheRickAndMortyCharactersUITests.swift; sourceTree = "<group>"; };
		758D8B1B2AFFB0F9007F6883 /* TheRickAndMortyCharactersUITestsLaunchTests.swift */ = {isa = PBXFileReference; lastKnownFileType = sourcecode.swift; path = TheRickAndMortyCharactersUITestsLaunchTests.swift; sourceTree = "<group>"; };
		758D8B302AFFBBEE007F6883 /* GraphQL */ = {isa = PBXFileReference; lastKnownFileType = folder; path = GraphQL; sourceTree = "<group>"; };
		758D8B322AFFBC25007F6883 /* Network.swift */ = {isa = PBXFileReference; lastKnownFileType = sourcecode.swift; path = Network.swift; sourceTree = "<group>"; };
		758D8B372AFFBDCD007F6883 /* CharactersListView.swift */ = {isa = PBXFileReference; lastKnownFileType = sourcecode.swift; path = CharactersListView.swift; sourceTree = "<group>"; };
		758D8B392AFFBDFB007F6883 /* CharacterListItemView.swift */ = {isa = PBXFileReference; lastKnownFileType = sourcecode.swift; path = CharacterListItemView.swift; sourceTree = "<group>"; };
/* End PBXFileReference section */

/* Begin PBXFrameworksBuildPhase section */
		758D8AF72AFFB0F5007F6883 /* Frameworks */ = {
			isa = PBXFrameworksBuildPhase;
			buildActionMask = 2147483647;
			files = (
				758D8B362AFFBC3C007F6883 /* Apollo in Frameworks */,
			);
			runOnlyForDeploymentPostprocessing = 0;
		};
		758D8B082AFFB0F9007F6883 /* Frameworks */ = {
			isa = PBXFrameworksBuildPhase;
			buildActionMask = 2147483647;
			files = (
			);
			runOnlyForDeploymentPostprocessing = 0;
		};
		758D8B122AFFB0F9007F6883 /* Frameworks */ = {
			isa = PBXFrameworksBuildPhase;
			buildActionMask = 2147483647;
			files = (
			);
			runOnlyForDeploymentPostprocessing = 0;
		};
/* End PBXFrameworksBuildPhase section */

/* Begin PBXGroup section */
		758D8AF12AFFB0F5007F6883 = {
			isa = PBXGroup;
			children = (
				758D8AFC2AFFB0F5007F6883 /* TheRickAndMortyCharacters */,
				758D8B0E2AFFB0F9007F6883 /* TheRickAndMortyCharactersTests */,
				758D8B182AFFB0F9007F6883 /* TheRickAndMortyCharactersUITests */,
				758D8AFB2AFFB0F5007F6883 /* Products */,
			);
			sourceTree = "<group>";
		};
		758D8AFB2AFFB0F5007F6883 /* Products */ = {
			isa = PBXGroup;
			children = (
				758D8AFA2AFFB0F5007F6883 /* TheRickAndMortyCharacters.app */,
				758D8B0B2AFFB0F9007F6883 /* TheRickAndMortyCharactersTests.xctest */,
				758D8B152AFFB0F9007F6883 /* TheRickAndMortyCharactersUITests.xctest */,
			);
			name = Products;
			sourceTree = "<group>";
		};
		758D8AFC2AFFB0F5007F6883 /* TheRickAndMortyCharacters */ = {
			isa = PBXGroup;
			children = (
				758D8AFD2AFFB0F5007F6883 /* TheRickAndMortyCharactersApp.swift */,
				758D8AFF2AFFB0F5007F6883 /* ContentView.swift */,
				758D8B2D2AFFB1C7007F6883 /* Service */,
				758D8B2C2AFFB1C5007F6883 /* Domain */,
				758D8B292AFFB1A6007F6883 /* View */,
				758D8B282AFFB1A0007F6883 /* Resources */,
				758D8B032AFFB0F8007F6883 /* TheRickAndMortyCharacters.entitlements */,
				758D8B042AFFB0F8007F6883 /* Preview Content */,
			);
			path = TheRickAndMortyCharacters;
			sourceTree = "<group>";
		};
		758D8B042AFFB0F8007F6883 /* Preview Content */ = {
			isa = PBXGroup;
			children = (
				758D8B052AFFB0F8007F6883 /* Preview Assets.xcassets */,
			);
			path = "Preview Content";
			sourceTree = "<group>";
		};
		758D8B0E2AFFB0F9007F6883 /* TheRickAndMortyCharactersTests */ = {
			isa = PBXGroup;
			children = (
				758D8B0F2AFFB0F9007F6883 /* TheRickAndMortyCharactersTests.swift */,
			);
			path = TheRickAndMortyCharactersTests;
			sourceTree = "<group>";
		};
		758D8B182AFFB0F9007F6883 /* TheRickAndMortyCharactersUITests */ = {
			isa = PBXGroup;
			children = (
				758D8B192AFFB0F9007F6883 /* TheRickAndMortyCharactersUITests.swift */,
				758D8B1B2AFFB0F9007F6883 /* TheRickAndMortyCharactersUITestsLaunchTests.swift */,
			);
			path = TheRickAndMortyCharactersUITests;
			sourceTree = "<group>";
		};
		758D8B282AFFB1A0007F6883 /* Resources */ = {
			isa = PBXGroup;
			children = (
				758D8B012AFFB0F8007F6883 /* Assets.xcassets */,
			);
			path = Resources;
			sourceTree = "<group>";
		};
		758D8B292AFFB1A6007F6883 /* View */ = {
			isa = PBXGroup;
			children = (
				758D8B2A2AFFB1AB007F6883 /* List */,
				758D8B2B2AFFB1AE007F6883 /* Detail */,
			);
			path = View;
			sourceTree = "<group>";
		};
		758D8B2A2AFFB1AB007F6883 /* List */ = {
			isa = PBXGroup;
			children = (
				758D8B372AFFBDCD007F6883 /* CharactersListView.swift */,
				758D8B392AFFBDFB007F6883 /* CharacterListItemView.swift */,
			);
			path = List;
			sourceTree = "<group>";
		};
		758D8B2B2AFFB1AE007F6883 /* Detail */ = {
			isa = PBXGroup;
			children = (
			);
			path = Detail;
			sourceTree = "<group>";
		};
		758D8B2C2AFFB1C5007F6883 /* Domain */ = {
			isa = PBXGroup;
			children = (
				758D8B302AFFBBEE007F6883 /* GraphQL */,
			);
			path = Domain;
			sourceTree = "<group>";
		};
		758D8B2D2AFFB1C7007F6883 /* Service */ = {
			isa = PBXGroup;
			children = (
				758D8B322AFFBC25007F6883 /* Network.swift */,
			);
			path = Service;
			sourceTree = "<group>";
		};
/* End PBXGroup section */

/* Begin PBXNativeTarget section */
		758D8AF92AFFB0F5007F6883 /* TheRickAndMortyCharacters */ = {
			isa = PBXNativeTarget;
			buildConfigurationList = 758D8B1F2AFFB0F9007F6883 /* Build configuration list for PBXNativeTarget "TheRickAndMortyCharacters" */;
			buildPhases = (
				758D8AF62AFFB0F5007F6883 /* Sources */,
				758D8AF72AFFB0F5007F6883 /* Frameworks */,
				758D8AF82AFFB0F5007F6883 /* Resources */,
			);
			buildRules = (
			);
			dependencies = (
			);
			name = TheRickAndMortyCharacters;
			packageProductDependencies = (
				758D8B352AFFBC3C007F6883 /* Apollo */,
			);
			productName = TheRickAndMortyCharacters;
			productReference = 758D8AFA2AFFB0F5007F6883 /* TheRickAndMortyCharacters.app */;
			productType = "com.apple.product-type.application";
		};
		758D8B0A2AFFB0F9007F6883 /* TheRickAndMortyCharactersTests */ = {
			isa = PBXNativeTarget;
			buildConfigurationList = 758D8B222AFFB0F9007F6883 /* Build configuration list for PBXNativeTarget "TheRickAndMortyCharactersTests" */;
			buildPhases = (
				758D8B072AFFB0F9007F6883 /* Sources */,
				758D8B082AFFB0F9007F6883 /* Frameworks */,
				758D8B092AFFB0F9007F6883 /* Resources */,
			);
			buildRules = (
			);
			dependencies = (
				758D8B0D2AFFB0F9007F6883 /* PBXTargetDependency */,
			);
			name = TheRickAndMortyCharactersTests;
			productName = TheRickAndMortyCharactersTests;
			productReference = 758D8B0B2AFFB0F9007F6883 /* TheRickAndMortyCharactersTests.xctest */;
			productType = "com.apple.product-type.bundle.unit-test";
		};
		758D8B142AFFB0F9007F6883 /* TheRickAndMortyCharactersUITests */ = {
			isa = PBXNativeTarget;
			buildConfigurationList = 758D8B252AFFB0F9007F6883 /* Build configuration list for PBXNativeTarget "TheRickAndMortyCharactersUITests" */;
			buildPhases = (
				758D8B112AFFB0F9007F6883 /* Sources */,
				758D8B122AFFB0F9007F6883 /* Frameworks */,
				758D8B132AFFB0F9007F6883 /* Resources */,
			);
			buildRules = (
			);
			dependencies = (
				758D8B172AFFB0F9007F6883 /* PBXTargetDependency */,
			);
			name = TheRickAndMortyCharactersUITests;
			productName = TheRickAndMortyCharactersUITests;
			productReference = 758D8B152AFFB0F9007F6883 /* TheRickAndMortyCharactersUITests.xctest */;
			productType = "com.apple.product-type.bundle.ui-testing";
		};
/* End PBXNativeTarget section */

/* Begin PBXProject section */
		758D8AF22AFFB0F5007F6883 /* Project object */ = {
			isa = PBXProject;
			attributes = {
				BuildIndependentTargetsInParallel = 1;
				LastSwiftUpdateCheck = 1500;
				LastUpgradeCheck = 1500;
				TargetAttributes = {
					758D8AF92AFFB0F5007F6883 = {
						CreatedOnToolsVersion = 15.0.1;
					};
					758D8B0A2AFFB0F9007F6883 = {
						CreatedOnToolsVersion = 15.0.1;
						TestTargetID = 758D8AF92AFFB0F5007F6883;
					};
					758D8B142AFFB0F9007F6883 = {
						CreatedOnToolsVersion = 15.0.1;
						TestTargetID = 758D8AF92AFFB0F5007F6883;
					};
				};
			};
			buildConfigurationList = 758D8AF52AFFB0F5007F6883 /* Build configuration list for PBXProject "TheRickAndMortyCharacters" */;
			compatibilityVersion = "Xcode 14.0";
			developmentRegion = en;
			hasScannedForEncodings = 0;
			knownRegions = (
				en,
				Base,
			);
			mainGroup = 758D8AF12AFFB0F5007F6883;
			packageReferences = (
				758D8B342AFFBC3C007F6883 /* XCRemoteSwiftPackageReference "apollo-ios" */,
			);
			productRefGroup = 758D8AFB2AFFB0F5007F6883 /* Products */;
			projectDirPath = "";
			projectRoot = "";
			targets = (
				758D8AF92AFFB0F5007F6883 /* TheRickAndMortyCharacters */,
				758D8B0A2AFFB0F9007F6883 /* TheRickAndMortyCharactersTests */,
				758D8B142AFFB0F9007F6883 /* TheRickAndMortyCharactersUITests */,
			);
		};
/* End PBXProject section */

/* Begin PBXResourcesBuildPhase section */
		758D8AF82AFFB0F5007F6883 /* Resources */ = {
			isa = PBXResourcesBuildPhase;
			buildActionMask = 2147483647;
			files = (
				758D8B312AFFBBEE007F6883 /* GraphQL in Resources */,
				758D8B062AFFB0F8007F6883 /* Preview Assets.xcassets in Resources */,
				758D8B022AFFB0F8007F6883 /* Assets.xcassets in Resources */,
			);
			runOnlyForDeploymentPostprocessing = 0;
		};
		758D8B092AFFB0F9007F6883 /* Resources */ = {
			isa = PBXResourcesBuildPhase;
			buildActionMask = 2147483647;
			files = (
			);
			runOnlyForDeploymentPostprocessing = 0;
		};
		758D8B132AFFB0F9007F6883 /* Resources */ = {
			isa = PBXResourcesBuildPhase;
			buildActionMask = 2147483647;
			files = (
			);
			runOnlyForDeploymentPostprocessing = 0;
		};
/* End PBXResourcesBuildPhase section */

/* Begin PBXSourcesBuildPhase section */
		758D8AF62AFFB0F5007F6883 /* Sources */ = {
			isa = PBXSourcesBuildPhase;
			buildActionMask = 2147483647;
			files = (
				758D8B002AFFB0F5007F6883 /* ContentView.swift in Sources */,
				758D8B3A2AFFBDFB007F6883 /* CharacterListItemView.swift in Sources */,
				758D8AFE2AFFB0F5007F6883 /* TheRickAndMortyCharactersApp.swift in Sources */,
				758D8B382AFFBDCD007F6883 /* CharactersListView.swift in Sources */,
				758D8B332AFFBC25007F6883 /* Network.swift in Sources */,
			);
			runOnlyForDeploymentPostprocessing = 0;
		};
		758D8B072AFFB0F9007F6883 /* Sources */ = {
			isa = PBXSourcesBuildPhase;
			buildActionMask = 2147483647;
			files = (
				758D8B102AFFB0F9007F6883 /* TheRickAndMortyCharactersTests.swift in Sources */,
			);
			runOnlyForDeploymentPostprocessing = 0;
		};
		758D8B112AFFB0F9007F6883 /* Sources */ = {
			isa = PBXSourcesBuildPhase;
			buildActionMask = 2147483647;
			files = (
				758D8B1A2AFFB0F9007F6883 /* TheRickAndMortyCharactersUITests.swift in Sources */,
				758D8B1C2AFFB0F9007F6883 /* TheRickAndMortyCharactersUITestsLaunchTests.swift in Sources */,
			);
			runOnlyForDeploymentPostprocessing = 0;
		};
/* End PBXSourcesBuildPhase section */

/* Begin PBXTargetDependency section */
		758D8B0D2AFFB0F9007F6883 /* PBXTargetDependency */ = {
			isa = PBXTargetDependency;
			target = 758D8AF92AFFB0F5007F6883 /* TheRickAndMortyCharacters */;
			targetProxy = 758D8B0C2AFFB0F9007F6883 /* PBXContainerItemProxy */;
		};
		758D8B172AFFB0F9007F6883 /* PBXTargetDependency */ = {
			isa = PBXTargetDependency;
			target = 758D8AF92AFFB0F5007F6883 /* TheRickAndMortyCharacters */;
			targetProxy = 758D8B162AFFB0F9007F6883 /* PBXContainerItemProxy */;
		};
/* End PBXTargetDependency section */

/* Begin XCBuildConfiguration section */
		758D8B1D2AFFB0F9007F6883 /* Debug */ = {
			isa = XCBuildConfiguration;
			buildSettings = {
				ALWAYS_SEARCH_USER_PATHS = NO;
				ASSETCATALOG_COMPILER_GENERATE_SWIFT_ASSET_SYMBOL_EXTENSIONS = YES;
				CLANG_ANALYZER_NONNULL = YES;
				CLANG_ANALYZER_NUMBER_OBJECT_CONVERSION = YES_AGGRESSIVE;
				CLANG_CXX_LANGUAGE_STANDARD = "gnu++20";
				CLANG_ENABLE_MODULES = YES;
				CLANG_ENABLE_OBJC_ARC = YES;
				CLANG_ENABLE_OBJC_WEAK = YES;
				CLANG_WARN_BLOCK_CAPTURE_AUTORELEASING = YES;
				CLANG_WARN_BOOL_CONVERSION = YES;
				CLANG_WARN_COMMA = YES;
				CLANG_WARN_CONSTANT_CONVERSION = YES;
				CLANG_WARN_DEPRECATED_OBJC_IMPLEMENTATIONS = YES;
				CLANG_WARN_DIRECT_OBJC_ISA_USAGE = YES_ERROR;
				CLANG_WARN_DOCUMENTATION_COMMENTS = YES;
				CLANG_WARN_EMPTY_BODY = YES;
				CLANG_WARN_ENUM_CONVERSION = YES;
				CLANG_WARN_INFINITE_RECURSION = YES;
				CLANG_WARN_INT_CONVERSION = YES;
				CLANG_WARN_NON_LITERAL_NULL_CONVERSION = YES;
				CLANG_WARN_OBJC_IMPLICIT_RETAIN_SELF = YES;
				CLANG_WARN_OBJC_LITERAL_CONVERSION = YES;
				CLANG_WARN_OBJC_ROOT_CLASS = YES_ERROR;
				CLANG_WARN_QUOTED_INCLUDE_IN_FRAMEWORK_HEADER = YES;
				CLANG_WARN_RANGE_LOOP_ANALYSIS = YES;
				CLANG_WARN_STRICT_PROTOTYPES = YES;
				CLANG_WARN_SUSPICIOUS_MOVE = YES;
				CLANG_WARN_UNGUARDED_AVAILABILITY = YES_AGGRESSIVE;
				CLANG_WARN_UNREACHABLE_CODE = YES;
				CLANG_WARN__DUPLICATE_METHOD_MATCH = YES;
				COPY_PHASE_STRIP = NO;
				DEBUG_INFORMATION_FORMAT = dwarf;
				ENABLE_STRICT_OBJC_MSGSEND = YES;
				ENABLE_TESTABILITY = YES;
				ENABLE_USER_SCRIPT_SANDBOXING = YES;
				GCC_C_LANGUAGE_STANDARD = gnu17;
				GCC_DYNAMIC_NO_PIC = NO;
				GCC_NO_COMMON_BLOCKS = YES;
				GCC_OPTIMIZATION_LEVEL = 0;
				GCC_PREPROCESSOR_DEFINITIONS = (
					"DEBUG=1",
					"$(inherited)",
				);
				GCC_WARN_64_TO_32_BIT_CONVERSION = YES;
				GCC_WARN_ABOUT_RETURN_TYPE = YES_ERROR;
				GCC_WARN_UNDECLARED_SELECTOR = YES;
				GCC_WARN_UNINITIALIZED_AUTOS = YES_AGGRESSIVE;
				GCC_WARN_UNUSED_FUNCTION = YES;
				GCC_WARN_UNUSED_VARIABLE = YES;
				LOCALIZATION_PREFERS_STRING_CATALOGS = YES;
				MTL_ENABLE_DEBUG_INFO = INCLUDE_SOURCE;
				MTL_FAST_MATH = YES;
				ONLY_ACTIVE_ARCH = YES;
				SWIFT_ACTIVE_COMPILATION_CONDITIONS = "DEBUG $(inherited)";
				SWIFT_OPTIMIZATION_LEVEL = "-Onone";
			};
			name = Debug;
		};
		758D8B1E2AFFB0F9007F6883 /* Release */ = {
			isa = XCBuildConfiguration;
			buildSettings = {
				ALWAYS_SEARCH_USER_PATHS = NO;
				ASSETCATALOG_COMPILER_GENERATE_SWIFT_ASSET_SYMBOL_EXTENSIONS = YES;
				CLANG_ANALYZER_NONNULL = YES;
				CLANG_ANALYZER_NUMBER_OBJECT_CONVERSION = YES_AGGRESSIVE;
				CLANG_CXX_LANGUAGE_STANDARD = "gnu++20";
				CLANG_ENABLE_MODULES = YES;
				CLANG_ENABLE_OBJC_ARC = YES;
				CLANG_ENABLE_OBJC_WEAK = YES;
				CLANG_WARN_BLOCK_CAPTURE_AUTORELEASING = YES;
				CLANG_WARN_BOOL_CONVERSION = YES;
				CLANG_WARN_COMMA = YES;
				CLANG_WARN_CONSTANT_CONVERSION = YES;
				CLANG_WARN_DEPRECATED_OBJC_IMPLEMENTATIONS = YES;
				CLANG_WARN_DIRECT_OBJC_ISA_USAGE = YES_ERROR;
				CLANG_WARN_DOCUMENTATION_COMMENTS = YES;
				CLANG_WARN_EMPTY_BODY = YES;
				CLANG_WARN_ENUM_CONVERSION = YES;
				CLANG_WARN_INFINITE_RECURSION = YES;
				CLANG_WARN_INT_CONVERSION = YES;
				CLANG_WARN_NON_LITERAL_NULL_CONVERSION = YES;
				CLANG_WARN_OBJC_IMPLICIT_RETAIN_SELF = YES;
				CLANG_WARN_OBJC_LITERAL_CONVERSION = YES;
				CLANG_WARN_OBJC_ROOT_CLASS = YES_ERROR;
				CLANG_WARN_QUOTED_INCLUDE_IN_FRAMEWORK_HEADER = YES;
				CLANG_WARN_RANGE_LOOP_ANALYSIS = YES;
				CLANG_WARN_STRICT_PROTOTYPES = YES;
				CLANG_WARN_SUSPICIOUS_MOVE = YES;
				CLANG_WARN_UNGUARDED_AVAILABILITY = YES_AGGRESSIVE;
				CLANG_WARN_UNREACHABLE_CODE = YES;
				CLANG_WARN__DUPLICATE_METHOD_MATCH = YES;
				COPY_PHASE_STRIP = NO;
				DEBUG_INFORMATION_FORMAT = "dwarf-with-dsym";
				ENABLE_NS_ASSERTIONS = NO;
				ENABLE_STRICT_OBJC_MSGSEND = YES;
				ENABLE_USER_SCRIPT_SANDBOXING = YES;
				GCC_C_LANGUAGE_STANDARD = gnu17;
				GCC_NO_COMMON_BLOCKS = YES;
				GCC_WARN_64_TO_32_BIT_CONVERSION = YES;
				GCC_WARN_ABOUT_RETURN_TYPE = YES_ERROR;
				GCC_WARN_UNDECLARED_SELECTOR = YES;
				GCC_WARN_UNINITIALIZED_AUTOS = YES_AGGRESSIVE;
				GCC_WARN_UNUSED_FUNCTION = YES;
				GCC_WARN_UNUSED_VARIABLE = YES;
				LOCALIZATION_PREFERS_STRING_CATALOGS = YES;
				MTL_ENABLE_DEBUG_INFO = NO;
				MTL_FAST_MATH = YES;
				SWIFT_COMPILATION_MODE = wholemodule;
			};
			name = Release;
		};
		758D8B202AFFB0F9007F6883 /* Debug */ = {
			isa = XCBuildConfiguration;
			buildSettings = {
				ASSETCATALOG_COMPILER_APPICON_NAME = AppIcon;
				ASSETCATALOG_COMPILER_GLOBAL_ACCENT_COLOR_NAME = AccentColor;
				CODE_SIGN_ENTITLEMENTS = TheRickAndMortyCharacters/TheRickAndMortyCharacters.entitlements;
				CODE_SIGN_STYLE = Automatic;
				CURRENT_PROJECT_VERSION = 1;
				DEVELOPMENT_ASSET_PATHS = "\"TheRickAndMortyCharacters/Preview Content\"";
				ENABLE_PREVIEWS = YES;
				GENERATE_INFOPLIST_FILE = YES;
				"INFOPLIST_KEY_UIApplicationSceneManifest_Generation[sdk=iphoneos*]" = YES;
				"INFOPLIST_KEY_UIApplicationSceneManifest_Generation[sdk=iphonesimulator*]" = YES;
				"INFOPLIST_KEY_UIApplicationSupportsIndirectInputEvents[sdk=iphoneos*]" = YES;
				"INFOPLIST_KEY_UIApplicationSupportsIndirectInputEvents[sdk=iphonesimulator*]" = YES;
				"INFOPLIST_KEY_UILaunchScreen_Generation[sdk=iphoneos*]" = YES;
				"INFOPLIST_KEY_UILaunchScreen_Generation[sdk=iphonesimulator*]" = YES;
				"INFOPLIST_KEY_UIStatusBarStyle[sdk=iphoneos*]" = UIStatusBarStyleDefault;
				"INFOPLIST_KEY_UIStatusBarStyle[sdk=iphonesimulator*]" = UIStatusBarStyleDefault;
				INFOPLIST_KEY_UISupportedInterfaceOrientations_iPad = "UIInterfaceOrientationPortrait UIInterfaceOrientationPortraitUpsideDown UIInterfaceOrientationLandscapeLeft UIInterfaceOrientationLandscapeRight";
				INFOPLIST_KEY_UISupportedInterfaceOrientations_iPhone = "UIInterfaceOrientationPortrait UIInterfaceOrientationLandscapeLeft UIInterfaceOrientationLandscapeRight";
				IPHONEOS_DEPLOYMENT_TARGET = 17.0;
				LD_RUNPATH_SEARCH_PATHS = "@executable_path/Frameworks";
				"LD_RUNPATH_SEARCH_PATHS[sdk=macosx*]" = "@executable_path/../Frameworks";
				MACOSX_DEPLOYMENT_TARGET = 14.0;
				MARKETING_VERSION = 1.0;
				PRODUCT_BUNDLE_IDENTIFIER = rarias84.com.TheRickAndMortyCharacters;
				PRODUCT_NAME = "$(TARGET_NAME)";
				SDKROOT = auto;
				SUPPORTED_PLATFORMS = "iphoneos iphonesimulator macosx";
				SWIFT_EMIT_LOC_STRINGS = YES;
				SWIFT_VERSION = 5.0;
				TARGETED_DEVICE_FAMILY = "1,2";
			};
			name = Debug;
		};
		758D8B212AFFB0F9007F6883 /* Release */ = {
			isa = XCBuildConfiguration;
			buildSettings = {
				ASSETCATALOG_COMPILER_APPICON_NAME = AppIcon;
				ASSETCATALOG_COMPILER_GLOBAL_ACCENT_COLOR_NAME = AccentColor;
				CODE_SIGN_ENTITLEMENTS = TheRickAndMortyCharacters/TheRickAndMortyCharacters.entitlements;
				CODE_SIGN_STYLE = Automatic;
				CURRENT_PROJECT_VERSION = 1;
				DEVELOPMENT_ASSET_PATHS = "\"TheRickAndMortyCharacters/Preview Content\"";
				ENABLE_PREVIEWS = YES;
				GENERATE_INFOPLIST_FILE = YES;
				"INFOPLIST_KEY_UIApplicationSceneManifest_Generation[sdk=iphoneos*]" = YES;
				"INFOPLIST_KEY_UIApplicationSceneManifest_Generation[sdk=iphonesimulator*]" = YES;
				"INFOPLIST_KEY_UIApplicationSupportsIndirectInputEvents[sdk=iphoneos*]" = YES;
				"INFOPLIST_KEY_UIApplicationSupportsIndirectInputEvents[sdk=iphonesimulator*]" = YES;
				"INFOPLIST_KEY_UILaunchScreen_Generation[sdk=iphoneos*]" = YES;
				"INFOPLIST_KEY_UILaunchScreen_Generation[sdk=iphonesimulator*]" = YES;
				"INFOPLIST_KEY_UIStatusBarStyle[sdk=iphoneos*]" = UIStatusBarStyleDefault;
				"INFOPLIST_KEY_UIStatusBarStyle[sdk=iphonesimulator*]" = UIStatusBarStyleDefault;
				INFOPLIST_KEY_UISupportedInterfaceOrientations_iPad = "UIInterfaceOrientationPortrait UIInterfaceOrientationPortraitUpsideDown UIInterfaceOrientationLandscapeLeft UIInterfaceOrientationLandscapeRight";
				INFOPLIST_KEY_UISupportedInterfaceOrientations_iPhone = "UIInterfaceOrientationPortrait UIInterfaceOrientationLandscapeLeft UIInterfaceOrientationLandscapeRight";
				IPHONEOS_DEPLOYMENT_TARGET = 17.0;
				LD_RUNPATH_SEARCH_PATHS = "@executable_path/Frameworks";
				"LD_RUNPATH_SEARCH_PATHS[sdk=macosx*]" = "@executable_path/../Frameworks";
				MACOSX_DEPLOYMENT_TARGET = 14.0;
				MARKETING_VERSION = 1.0;
				PRODUCT_BUNDLE_IDENTIFIER = rarias84.com.TheRickAndMortyCharacters;
				PRODUCT_NAME = "$(TARGET_NAME)";
				SDKROOT = auto;
				SUPPORTED_PLATFORMS = "iphoneos iphonesimulator macosx";
				SWIFT_EMIT_LOC_STRINGS = YES;
				SWIFT_VERSION = 5.0;
				TARGETED_DEVICE_FAMILY = "1,2";
			};
			name = Release;
		};
		758D8B232AFFB0F9007F6883 /* Debug */ = {
			isa = XCBuildConfiguration;
			buildSettings = {
				ALWAYS_EMBED_SWIFT_STANDARD_LIBRARIES = YES;
				BUNDLE_LOADER = "$(TEST_HOST)";
				CODE_SIGN_STYLE = Automatic;
				CURRENT_PROJECT_VERSION = 1;
				GENERATE_INFOPLIST_FILE = YES;
				IPHONEOS_DEPLOYMENT_TARGET = 17.0;
				MACOSX_DEPLOYMENT_TARGET = 14.0;
				MARKETING_VERSION = 1.0;
				PRODUCT_BUNDLE_IDENTIFIER = rarias84.com.TheRickAndMortyCharactersTests;
				PRODUCT_NAME = "$(TARGET_NAME)";
				SDKROOT = auto;
				SUPPORTED_PLATFORMS = "iphoneos iphonesimulator macosx";
				SWIFT_EMIT_LOC_STRINGS = NO;
				SWIFT_VERSION = 5.0;
				TARGETED_DEVICE_FAMILY = "1,2";
				TEST_HOST = "$(BUILT_PRODUCTS_DIR)/TheRickAndMortyCharacters.app/$(BUNDLE_EXECUTABLE_FOLDER_PATH)/TheRickAndMortyCharacters";
			};
			name = Debug;
		};
		758D8B242AFFB0F9007F6883 /* Release */ = {
			isa = XCBuildConfiguration;
			buildSettings = {
				ALWAYS_EMBED_SWIFT_STANDARD_LIBRARIES = YES;
				BUNDLE_LOADER = "$(TEST_HOST)";
				CODE_SIGN_STYLE = Automatic;
				CURRENT_PROJECT_VERSION = 1;
				GENERATE_INFOPLIST_FILE = YES;
				IPHONEOS_DEPLOYMENT_TARGET = 17.0;
				MACOSX_DEPLOYMENT_TARGET = 14.0;
				MARKETING_VERSION = 1.0;
				PRODUCT_BUNDLE_IDENTIFIER = rarias84.com.TheRickAndMortyCharactersTests;
				PRODUCT_NAME = "$(TARGET_NAME)";
				SDKROOT = auto;
				SUPPORTED_PLATFORMS = "iphoneos iphonesimulator macosx";
				SWIFT_EMIT_LOC_STRINGS = NO;
				SWIFT_VERSION = 5.0;
				TARGETED_DEVICE_FAMILY = "1,2";
				TEST_HOST = "$(BUILT_PRODUCTS_DIR)/TheRickAndMortyCharacters.app/$(BUNDLE_EXECUTABLE_FOLDER_PATH)/TheRickAndMortyCharacters";
			};
			name = Release;
		};
		758D8B262AFFB0F9007F6883 /* Debug */ = {
			isa = XCBuildConfiguration;
			buildSettings = {
				ALWAYS_EMBED_SWIFT_STANDARD_LIBRARIES = YES;
				CODE_SIGN_STYLE = Automatic;
				CURRENT_PROJECT_VERSION = 1;
				GENERATE_INFOPLIST_FILE = YES;
				IPHONEOS_DEPLOYMENT_TARGET = 17.0;
				MACOSX_DEPLOYMENT_TARGET = 14.0;
				MARKETING_VERSION = 1.0;
				PRODUCT_BUNDLE_IDENTIFIER = rarias84.com.TheRickAndMortyCharactersUITests;
				PRODUCT_NAME = "$(TARGET_NAME)";
				SDKROOT = auto;
				SUPPORTED_PLATFORMS = "iphoneos iphonesimulator macosx";
				SWIFT_EMIT_LOC_STRINGS = NO;
				SWIFT_VERSION = 5.0;
				TARGETED_DEVICE_FAMILY = "1,2";
				TEST_TARGET_NAME = TheRickAndMortyCharacters;
			};
			name = Debug;
		};
		758D8B272AFFB0F9007F6883 /* Release */ = {
			isa = XCBuildConfiguration;
			buildSettings = {
				ALWAYS_EMBED_SWIFT_STANDARD_LIBRARIES = YES;
				CODE_SIGN_STYLE = Automatic;
				CURRENT_PROJECT_VERSION = 1;
				GENERATE_INFOPLIST_FILE = YES;
				IPHONEOS_DEPLOYMENT_TARGET = 17.0;
				MACOSX_DEPLOYMENT_TARGET = 14.0;
				MARKETING_VERSION = 1.0;
				PRODUCT_BUNDLE_IDENTIFIER = rarias84.com.TheRickAndMortyCharactersUITests;
				PRODUCT_NAME = "$(TARGET_NAME)";
				SDKROOT = auto;
				SUPPORTED_PLATFORMS = "iphoneos iphonesimulator macosx";
				SWIFT_EMIT_LOC_STRINGS = NO;
				SWIFT_VERSION = 5.0;
				TARGETED_DEVICE_FAMILY = "1,2";
				TEST_TARGET_NAME = TheRickAndMortyCharacters;
			};
			name = Release;
		};
/* End XCBuildConfiguration section */

/* Begin XCConfigurationList section */
		758D8AF52AFFB0F5007F6883 /* Build configuration list for PBXProject "TheRickAndMortyCharacters" */ = {
			isa = XCConfigurationList;
			buildConfigurations = (
				758D8B1D2AFFB0F9007F6883 /* Debug */,
				758D8B1E2AFFB0F9007F6883 /* Release */,
			);
			defaultConfigurationIsVisible = 0;
			defaultConfigurationName = Release;
		};
		758D8B1F2AFFB0F9007F6883 /* Build configuration list for PBXNativeTarget "TheRickAndMortyCharacters" */ = {
			isa = XCConfigurationList;
			buildConfigurations = (
				758D8B202AFFB0F9007F6883 /* Debug */,
				758D8B212AFFB0F9007F6883 /* Release */,
			);
			defaultConfigurationIsVisible = 0;
			defaultConfigurationName = Release;
		};
		758D8B222AFFB0F9007F6883 /* Build configuration list for PBXNativeTarget "TheRickAndMortyCharactersTests" */ = {
			isa = XCConfigurationList;
			buildConfigurations = (
				758D8B232AFFB0F9007F6883 /* Debug */,
				758D8B242AFFB0F9007F6883 /* Release */,
			);
			defaultConfigurationIsVisible = 0;
			defaultConfigurationName = Release;
		};
		758D8B252AFFB0F9007F6883 /* Build configuration list for PBXNativeTarget "TheRickAndMortyCharactersUITests" */ = {
			isa = XCConfigurationList;
			buildConfigurations = (
				758D8B262AFFB0F9007F6883 /* Debug */,
				758D8B272AFFB0F9007F6883 /* Release */,
			);
			defaultConfigurationIsVisible = 0;
			defaultConfigurationName = Release;
		};
/* End XCConfigurationList section */

/* Begin XCRemoteSwiftPackageReference section */
		758D8B342AFFBC3C007F6883 /* XCRemoteSwiftPackageReference "apollo-ios" */ = {
			isa = XCRemoteSwiftPackageReference;
			repositoryURL = "https://github.com/apollographql/apollo-ios";
			requirement = {
				kind = upToNextMajorVersion;
				minimumVersion = 1.7.0;
			};
		};
/* End XCRemoteSwiftPackageReference section */

/* Begin XCSwiftPackageProductDependency section */
		758D8B352AFFBC3C007F6883 /* Apollo */ = {
			isa = XCSwiftPackageProductDependency;
			package = 758D8B342AFFBC3C007F6883 /* XCRemoteSwiftPackageReference "apollo-ios" */;
			productName = Apollo;
		};
/* End XCSwiftPackageProductDependency section */
	};
	rootObject = 758D8AF22AFFB0F5007F6883 /* Project object */;
}
